
Microsoft Visual Studio Solution File, Format Version 12.00
# Visual Studio Version 17
VisualStudioVersion = 17.7.34031.279
MinimumVisualStudioVersion = 10.0.40219.1
Project("{9A19103F-16F7-4668-BE54-9A1E7A4F7556}") = "UserInterface", "UserInterface\UserInterface.csproj", "{480D2CDC-48C7-43D2-BAB9-19A62CD3F5D8}"
EndProject
Project("{9A19103F-16F7-4668-BE54-9A1E7A4F7556}") = "PsuManager", "PsuManager\PsuManager.csproj", "{DCD54E3F-EC13-4AD0-A59E-A38C97640D84}"
EndProject
Project("{9A19103F-16F7-4668-BE54-9A1E7A4F7556}") = "MyMqttClient", "MyMqttClient\MyMqttClient.csproj", "{25D5E8C9-6E2C-406C-907D-31088EFD606F}"
EndProject
Project("{FAE04EC0-301F-11D3-BF4B-00C04F79EFBC}") = "PsuController", "PsuController\PsuController.csproj", "{7E64460C-5152-4CB5-8AAE-C1B8E160C608}"
EndProject
Global
	GlobalSection(SolutionConfigurationPlatforms) = preSolution
		Debug|Any CPU = Debug|Any CPU
		Release|Any CPU = Release|Any CPU
	EndGlobalSection
	GlobalSection(ProjectConfigurationPlatforms) = postSolution
		{480D2CDC-48C7-43D2-BAB9-19A62CD3F5D8}.Debug|Any CPU.ActiveCfg = Debug|Any CPU
		{480D2CDC-48C7-43D2-BAB9-19A62CD3F5D8}.Debug|Any CPU.Build.0 = Debug|Any CPU
		{480D2CDC-48C7-43D2-BAB9-19A62CD3F5D8}.Release|Any CPU.ActiveCfg = Release|Any CPU
		{480D2CDC-48C7-43D2-BAB9-19A62CD3F5D8}.Release|Any CPU.Build.0 = Release|Any CPU
		{DCD54E3F-EC13-4AD0-A59E-A38C97640D84}.Debug|Any CPU.ActiveCfg = Debug|Any CPU
		{DCD54E3F-EC13-4AD0-A59E-A38C97640D84}.Debug|Any CPU.Build.0 = Debug|Any CPU
		{DCD54E3F-EC13-4AD0-A59E-A38C97640D84}.Release|Any CPU.ActiveCfg = Release|Any CPU
		{DCD54E3F-EC13-4AD0-A59E-A38C97640D84}.Release|Any CPU.Build.0 = Release|Any CPU
		{25D5E8C9-6E2C-406C-907D-31088EFD606F}.Debug|Any CPU.ActiveCfg = Debug|Any CPU
		{25D5E8C9-6E2C-406C-907D-31088EFD606F}.Debug|Any CPU.Build.0 = Debug|Any CPU
		{25D5E8C9-6E2C-406C-907D-31088EFD606F}.Release|Any CPU.ActiveCfg = Release|Any CPU
		{25D5E8C9-6E2C-406C-907D-31088EFD606F}.Release|Any CPU.Build.0 = Release|Any CPU
		{7E64460C-5152-4CB5-8AAE-C1B8E160C608}.Debug|Any CPU.ActiveCfg = Debug|Any CPU
		{7E64460C-5152-4CB5-8AAE-C1B8E160C608}.Debug|Any CPU.Build.0 = Debug|Any CPU
		{7E64460C-5152-4CB5-8AAE-C1B8E160C608}.Release|Any CPU.ActiveCfg = Release|Any CPU
		{7E64460C-5152-4CB5-8AAE-C1B8E160C608}.Release|Any CPU.Build.0 = Release|Any CPU
	EndGlobalSection
	GlobalSection(SolutionProperties) = preSolution
		HideSolutionNode = FALSE
	EndGlobalSection
	GlobalSection(ExtensibilityGlobals) = postSolution
		SolutionGuid = {43163DF9-BCFA-47FF-967E-718821AC6F5D}
	EndGlobalSection
EndGlobal
