
Microsoft Visual Studio Solution File, Format Version 12.00
# Visual Studio Version 17
VisualStudioVersion = 17.3.32825.248
MinimumVisualStudioVersion = 10.0.40219.1
Project("{9A19103F-16F7-4668-BE54-9A1E7A4F7556}") = "ikt300-frivilig-prosjekt", "ikt300-frivilig-prosjekt.csproj", "{2035D8A3-9D9E-40E8-9287-35013B4B3E53}"
EndProject
Project("{9A19103F-16F7-4668-BE54-9A1E7A4F7556}") = "psuManager", "..\psuManager\psuManager.csproj", "{0F6B8817-E4CD-4D61-BEB0-3820DFDDA681}"
EndProject
Global
	GlobalSection(SolutionConfigurationPlatforms) = preSolution
		Debug|Any CPU = Debug|Any CPU
		Release|Any CPU = Release|Any CPU
	EndGlobalSection
	GlobalSection(ProjectConfigurationPlatforms) = postSolution
		{2035D8A3-9D9E-40E8-9287-35013B4B3E53}.Debug|Any CPU.ActiveCfg = Debug|Any CPU
		{2035D8A3-9D9E-40E8-9287-35013B4B3E53}.Debug|Any CPU.Build.0 = Debug|Any CPU
		{2035D8A3-9D9E-40E8-9287-35013B4B3E53}.Release|Any CPU.ActiveCfg = Release|Any CPU
		{2035D8A3-9D9E-40E8-9287-35013B4B3E53}.Release|Any CPU.Build.0 = Release|Any CPU
		{0F6B8817-E4CD-4D61-BEB0-3820DFDDA681}.Debug|Any CPU.ActiveCfg = Debug|Any CPU
		{0F6B8817-E4CD-4D61-BEB0-3820DFDDA681}.Debug|Any CPU.Build.0 = Debug|Any CPU
		{0F6B8817-E4CD-4D61-BEB0-3820DFDDA681}.Release|Any CPU.ActiveCfg = Release|Any CPU
		{0F6B8817-E4CD-4D61-BEB0-3820DFDDA681}.Release|Any CPU.Build.0 = Release|Any CPU
	EndGlobalSection
	GlobalSection(SolutionProperties) = preSolution
		HideSolutionNode = FALSE
	EndGlobalSection
	GlobalSection(ExtensibilityGlobals) = postSolution
		SolutionGuid = {AD52D762-BC9E-4D76-A812-91CEFBC0DF31}
	EndGlobalSection
EndGlobal
